
Microsoft Visual Studio Solution File, Format Version 12.00
# Visual Studio Version 16
VisualStudioVersion = 16.0.30621.155
MinimumVisualStudioVersion = 10.0.40219.1
Project("{FAE04EC0-301F-11D3-BF4B-00C04F79EFBC}") = "math-calc-autoops", "math-calc-autoops.csproj", "{FE933C91-082F-4223-BCE4-708FE3921855}"
EndProject
Global
	GlobalSection(SolutionConfigurationPlatforms) = preSolution
		Debug|Any CPU = Debug|Any CPU
		Release|Any CPU = Release|Any CPU
	EndGlobalSection
	GlobalSection(ProjectConfigurationPlatforms) = postSolution
		{FE933C91-082F-4223-BCE4-708FE3921855}.Debug|Any CPU.ActiveCfg = Debug|Any CPU
		{FE933C91-082F-4223-BCE4-708FE3921855}.Debug|Any CPU.Build.0 = Debug|Any CPU
		{FE933C91-082F-4223-BCE4-708FE3921855}.Release|Any CPU.ActiveCfg = Release|Any CPU
		{FE933C91-082F-4223-BCE4-708FE3921855}.Release|Any CPU.Build.0 = Release|Any CPU
	EndGlobalSection
	GlobalSection(SolutionProperties) = preSolution
		HideSolutionNode = FALSE
	EndGlobalSection
	GlobalSection(ExtensibilityGlobals) = postSolution
		SolutionGuid = {766ABF87-BA7C-41B2-A097-D9EFAB4D971E}
	EndGlobalSection
EndGlobal
